
Microsoft Visual Studio Solution File, Format Version 12.00
# Visual Studio Version 16
VisualStudioVersion = 25.0.1706.7
MinimumVisualStudioVersion = 10.0.40219.1
Project("{FAE04EC0-301F-11D3-BF4B-00C04F79EFBC}") = "JokesWebApp", "JokesWebApp\JokesWebApp.csproj", "{CD19063D-1C17-455B-BA28-D27D73B334F3}"
EndProject
Global
	GlobalSection(SolutionConfigurationPlatforms) = preSolution
		Debug|Any CPU = Debug|Any CPU
		Release|Any CPU = Release|Any CPU
	EndGlobalSection
	GlobalSection(ProjectConfigurationPlatforms) = postSolution
		{CD19063D-1C17-455B-BA28-D27D73B334F3}.Debug|Any CPU.ActiveCfg = Debug|Any CPU
		{CD19063D-1C17-455B-BA28-D27D73B334F3}.Debug|Any CPU.Build.0 = Debug|Any CPU
		{CD19063D-1C17-455B-BA28-D27D73B334F3}.Release|Any CPU.ActiveCfg = Release|Any CPU
		{CD19063D-1C17-455B-BA28-D27D73B334F3}.Release|Any CPU.Build.0 = Release|Any CPU
	EndGlobalSection
	GlobalSection(SolutionProperties) = preSolution
		HideSolutionNode = FALSE
	EndGlobalSection
	GlobalSection(ExtensibilityGlobals) = postSolution
		SolutionGuid = {AE3D62C9-AC2A-496A-A546-1B8D0C50D9F8}
	EndGlobalSection
EndGlobal
